
Microsoft Visual Studio Solution File, Format Version 12.00
# Visual Studio 15
VisualStudioVersion = 15.0.28010.2026
MinimumVisualStudioVersion = 10.0.40219.1
Project("{9A19103F-16F7-4668-BE54-9A1E7A4F7556}") = "ConsoleHybridWithPkce", "consoleHybrid\ConsoleHybridWithPkce.csproj", "{D165D688-EFEB-44DA-BBCA-9F1665CFB715}"
EndProject
Project("{9A19103F-16F7-4668-BE54-9A1E7A4F7556}") = "Constants", "Constants\Constants.csproj", "{913FBDCD-C6E3-4EEB-B20C-8DAE19A3D5DF}"
EndProject
Global
	GlobalSection(SolutionConfigurationPlatforms) = preSolution
		Debug|Any CPU = Debug|Any CPU
		Release|Any CPU = Release|Any CPU
	EndGlobalSection
	GlobalSection(ProjectConfigurationPlatforms) = postSolution
		{D165D688-EFEB-44DA-BBCA-9F1665CFB715}.Debug|Any CPU.ActiveCfg = Debug|Any CPU
		{D165D688-EFEB-44DA-BBCA-9F1665CFB715}.Debug|Any CPU.Build.0 = Debug|Any CPU
		{D165D688-EFEB-44DA-BBCA-9F1665CFB715}.Release|Any CPU.ActiveCfg = Release|Any CPU
		{D165D688-EFEB-44DA-BBCA-9F1665CFB715}.Release|Any CPU.Build.0 = Release|Any CPU
		{913FBDCD-C6E3-4EEB-B20C-8DAE19A3D5DF}.Debug|Any CPU.ActiveCfg = Debug|Any CPU
		{913FBDCD-C6E3-4EEB-B20C-8DAE19A3D5DF}.Debug|Any CPU.Build.0 = Debug|Any CPU
		{913FBDCD-C6E3-4EEB-B20C-8DAE19A3D5DF}.Release|Any CPU.ActiveCfg = Release|Any CPU
		{913FBDCD-C6E3-4EEB-B20C-8DAE19A3D5DF}.Release|Any CPU.Build.0 = Release|Any CPU
	EndGlobalSection
	GlobalSection(SolutionProperties) = preSolution
		HideSolutionNode = FALSE
	EndGlobalSection
	GlobalSection(ExtensibilityGlobals) = postSolution
		SolutionGuid = {8CE4BE0C-FF7F-41EC-B50F-AE095340AE9E}
	EndGlobalSection
EndGlobal
